{
  "requires": true,
  "lockfileVersion": 1,
  "dependencies": {
    "@types/cookie": {
      "version": "0.3.3",
      "resolved": "https://registry.npmjs.org/@types/cookie/-/cookie-0.3.3.tgz",
      "integrity": "sha512-LKVP3cgXBT9RYj+t+9FDKwS5tdI+rPBXaNSkma7hvqy35lc7mAokC2zsqWJH0LaqIt3B962nuYI77hsJoT1gow=="
    },
    "amdefine": {
      "version": "1.0.1",
      "resolved": "https://registry.npmjs.org/amdefine/-/amdefine-1.0.1.tgz",
      "integrity": "sha1-SlKCrBZHKek2Gbz9OtFR+BfOkfU=",
      "optional": true
    },
    "axios": {
      "version": "0.21.1",
      "resolved": "https://registry.npmjs.org/axios/-/axios-0.21.1.tgz",
      "integrity": "sha512-dKQiRHxGD9PPRIUNIWvZhPTPpl1rf/OxTYKsqKUDjBwYylTvV7SjSHJb9ratfyzM6wCdLCOYLzs73qpg5c4iGA==",
      "requires": {
        "follow-redirects": "^1.10.0"
      }
    },
    "charenc": {
      "version": "0.0.2",
      "resolved": "https://registry.npmjs.org/charenc/-/charenc-0.0.2.tgz",
      "integrity": "sha1-wKHS86cJLgN3S/qD8UwPxXkKhmc="
    },
    "cookie": {
      "version": "0.4.1",
      "resolved": "https://registry.npmjs.org/cookie/-/cookie-0.4.1.tgz",
      "integrity": "sha512-ZwrFkGJxUR3EIoXtO+yVE69Eb7KlixbaeAWfBQB9vVsNn/o+Yw69gBWSSDK825hQNdN+wF8zELf3dFNl/kxkUA=="
    },
    "crypt": {
      "version": "0.0.2",
      "resolved": "https://registry.npmjs.org/crypt/-/crypt-0.0.2.tgz",
      "integrity": "sha1-iNf/fsDfuG9xPch7u0LQRNPmxBs="
    },
    "detective": {
      "version": "3.1.0",
      "resolved": "https://registry.npmjs.org/detective/-/detective-3.1.0.tgz",
      "integrity": "sha1-d3gkRKt1K4jKG+Lp0KA5Xx2iXu0=",
      "requires": {
        "escodegen": "~1.1.0",
        "esprima-fb": "3001.1.0-dev-harmony-fb"
      }
    },
    "escodegen": {
      "version": "1.1.0",
      "resolved": "https://registry.npmjs.org/escodegen/-/escodegen-1.1.0.tgz",
      "integrity": "sha1-xmOSP24gqtSNDA+knzHG1PSTYM8=",
      "requires": {
        "esprima": "~1.0.4",
        "estraverse": "~1.5.0",
        "esutils": "~1.0.0",
        "source-map": "~0.1.30"
      },
      "dependencies": {
        "esprima": {
          "version": "1.0.4",
          "resolved": "https://registry.npmjs.org/esprima/-/esprima-1.0.4.tgz",
          "integrity": "sha1-n1V+CPw7TSbs6d00+Pv0drYlha0="
        }
      }
    },
    "esprima-fb": {
      "version": "3001.1.0-dev-harmony-fb",
      "resolved": "https://registry.npmjs.org/esprima-fb/-/esprima-fb-3001.0001.0000-dev-harmony-fb.tgz",
      "integrity": "sha1-t303q8046gt3Qmu4vCkizmtCZBE="
    },
    "estraverse": {
      "version": "1.5.1",
      "resolved": "https://registry.npmjs.org/estraverse/-/estraverse-1.5.1.tgz",
      "integrity": "sha1-hno+jlip+EYYr7bC3bzZFrfLr3E="
    },
    "esutils": {
      "version": "1.0.0",
      "resolved": "https://registry.npmjs.org/esutils/-/esutils-1.0.0.tgz",
      "integrity": "sha1-gVHTWOIMisx/t0XnRywAJf5JZXA="
    },
    "follow-redirects": {
      "version": "1.14.0",
      "resolved": "https://registry.npmjs.org/follow-redirects/-/follow-redirects-1.14.0.tgz",
      "integrity": "sha512-0vRwd7RKQBTt+mgu87mtYeofLFZpTas2S9zY+jIeuLJMNvudIgF52nr19q40HOwH5RrhWIPuj9puybzSJiRrVg=="
    },
    "is-buffer": {
      "version": "1.1.6",
      "resolved": "https://registry.npmjs.org/is-buffer/-/is-buffer-1.1.6.tgz",
      "integrity": "sha512-NcdALwpXkTm5Zvvbk7owOUSvVvBKDgKP5/ewfXEznmQFfs4ZRmanOeKBTjRVjka3QFoN6XJ+9F3USqfHqTaU5w=="
    },
    "md5": {
      "version": "2.3.0",
      "resolved": "https://registry.npmjs.org/md5/-/md5-2.3.0.tgz",
      "integrity": "sha512-T1GITYmFaKuO91vxyoQMFETst+O71VUPEU3ze5GNzDm0OWdP8v1ziTaAEPUr/3kLsY3Sftgz242A1SetQiDL7g==",
      "requires": {
        "charenc": "0.0.2",
        "crypt": "0.0.2",
        "is-buffer": "~1.1.6"
      }
    },
    "required": {
      "version": "1.0.0",
      "resolved": "https://registry.npmjs.org/required/-/required-1.0.0.tgz",
      "integrity": "sha1-pDuzqxQaBOXlRMnuSuint4rn0v0=",
      "requires": {
        "detective": "3.1.0"
      }
    },
    "source-map": {
      "version": "0.1.43",
      "resolved": "https://registry.npmjs.org/source-map/-/source-map-0.1.43.tgz",
      "integrity": "sha1-wkvBRspRfBRx9drL4lcbK3+eM0Y=",
      "optional": true,
      "requires": {
        "amdefine": ">=0.0.4"
      }
    },
    "universal-cookie": {
      "version": "4.0.4",
      "resolved": "https://registry.npmjs.org/universal-cookie/-/universal-cookie-4.0.4.tgz",
      "integrity": "sha512-lbRVHoOMtItjWbM7TwDLdl8wug7izB0tq3/YVKhT/ahB4VDvWMyvnADfnJI8y6fSvsjh51Ix7lTGC6Tn4rMPhw==",
      "requires": {
        "@types/cookie": "^0.3.3",
        "cookie": "^0.4.0"
      }
    }
  }
}
